// !$*UTF8*$!
{
	archiveVersion = 1;
	classes = {
	};
	objectVersion = 56;
	objects = {

/* Begin PBXBuildFile section */
		67A9D0792BC960CF00631994 /* PlayerView.swift in Sources */ = {isa = PBXBuildFile; fileRef = 67A9D0782BC960CF00631994 /* PlayerView.swift */; };
		67A9D07B2BCA5A0700631994 /* PlayerViewModel.swift in Sources */ = {isa = PBXBuildFile; fileRef = 67A9D07A2BCA5A0700631994 /* PlayerViewModel.swift */; };
		67A9D07D2BCB697D00631994 /* Color.swift in Sources */ = {isa = PBXBuildFile; fileRef = 67A9D07C2BCB697D00631994 /* Color.swift */; };
		67A9D0812BCD14E700631994 /* MusicCalendarView.swift in Sources */ = {isa = PBXBuildFile; fileRef = 67A9D0802BCD14E700631994 /* MusicCalendarView.swift */; };
		67E5A8EB2BCE17C8003521CF /* DiaryModel.swift in Sources */ = {isa = PBXBuildFile; fileRef = 67E5A8EA2BCE17C8003521CF /* DiaryModel.swift */; };
		67E5A8ED2BCE1822003521CF /* MusicModel.swift in Sources */ = {isa = PBXBuildFile; fileRef = 67E5A8EC2BCE1822003521CF /* MusicModel.swift */; };
		67E5A8EF2BCE1868003521CF /* DiaryViewModel.swift in Sources */ = {isa = PBXBuildFile; fileRef = 67E5A8EE2BCE1868003521CF /* DiaryViewModel.swift */; };
		67FFFB8D2BC7CBD500F8562B /* MusiaryApp.swift in Sources */ = {isa = PBXBuildFile; fileRef = 67FFFB8C2BC7CBD500F8562B /* MusiaryApp.swift */; };
		67FFFB8F2BC7CBD500F8562B /* ContentView.swift in Sources */ = {isa = PBXBuildFile; fileRef = 67FFFB8E2BC7CBD500F8562B /* ContentView.swift */; };
		67FFFB912BC7CBD700F8562B /* Assets.xcassets in Resources */ = {isa = PBXBuildFile; fileRef = 67FFFB902BC7CBD700F8562B /* Assets.xcassets */; };
		67FFFB942BC7CBD700F8562B /* Preview Assets.xcassets in Resources */ = {isa = PBXBuildFile; fileRef = 67FFFB932BC7CBD700F8562B /* Preview Assets.xcassets */; };
		67FFFB9E2BC7CBD700F8562B /* MusiaryTests.swift in Sources */ = {isa = PBXBuildFile; fileRef = 67FFFB9D2BC7CBD700F8562B /* MusiaryTests.swift */; };
		67FFFBA82BC7CBD700F8562B /* MusiaryUITests.swift in Sources */ = {isa = PBXBuildFile; fileRef = 67FFFBA72BC7CBD700F8562B /* MusiaryUITests.swift */; };
		67FFFBAA2BC7CBD700F8562B /* MusiaryUITestsLaunchTests.swift in Sources */ = {isa = PBXBuildFile; fileRef = 67FFFBA92BC7CBD700F8562B /* MusiaryUITestsLaunchTests.swift */; };
		67FFFBBA2BC7CEA300F8562B /* NavigationManager.swift in Sources */ = {isa = PBXBuildFile; fileRef = 67FFFBB92BC7CEA300F8562B /* NavigationManager.swift */; };
		67FFFBBC2BC7CF0B00F8562B /* HomeView.swift in Sources */ = {isa = PBXBuildFile; fileRef = 67FFFBBB2BC7CF0B00F8562B /* HomeView.swift */; };
		67FFFBBE2BC7CFD700F8562B /* DiaryView.swift in Sources */ = {isa = PBXBuildFile; fileRef = 67FFFBBD2BC7CFD700F8562B /* DiaryView.swift */; };
		67FFFBC02BC7D00000F8562B /* WriteDiaryView.swift in Sources */ = {isa = PBXBuildFile; fileRef = 67FFFBBF2BC7D00000F8562B /* WriteDiaryView.swift */; };
		67FFFBC32BC7F5F900F8562B /* Arrow.swift in Sources */ = {isa = PBXBuildFile; fileRef = 67FFFBC22BC7F5F900F8562B /* Arrow.swift */; };
		67FFFBC52BC8EB3300F8562B /* FloatingPlayerView.swift in Sources */ = {isa = PBXBuildFile; fileRef = 67FFFBC42BC8EB3300F8562B /* FloatingPlayerView.swift */; };
		67FFFBC72BC90D5B00F8562B /* DateManager.swift in Sources */ = {isa = PBXBuildFile; fileRef = 67FFFBC62BC90D5B00F8562B /* DateManager.swift */; };
		67FFFBC92BC9177700F8562B /* KeyboardListener.swift in Sources */ = {isa = PBXBuildFile; fileRef = 67FFFBC82BC9177700F8562B /* KeyboardListener.swift */; };
		67FFFBCB2BC920F800F8562B /* MusicSearchView.swift in Sources */ = {isa = PBXBuildFile; fileRef = 67FFFBCA2BC920F800F8562B /* MusicSearchView.swift */; };
		67FFFBCD2BC942D400F8562B /* SearchMusicRow.swift in Sources */ = {isa = PBXBuildFile; fileRef = 67FFFBCC2BC942D400F8562B /* SearchMusicRow.swift */; };
/* End PBXBuildFile section */

/* Begin PBXContainerItemProxy section */
		67FFFB9A2BC7CBD700F8562B /* PBXContainerItemProxy */ = {
			isa = PBXContainerItemProxy;
			containerPortal = 67FFFB812BC7CBD500F8562B /* Project object */;
			proxyType = 1;
			remoteGlobalIDString = 67FFFB882BC7CBD500F8562B;
			remoteInfo = Musiary;
		};
		67FFFBA42BC7CBD700F8562B /* PBXContainerItemProxy */ = {
			isa = PBXContainerItemProxy;
			containerPortal = 67FFFB812BC7CBD500F8562B /* Project object */;
			proxyType = 1;
			remoteGlobalIDString = 67FFFB882BC7CBD500F8562B;
			remoteInfo = Musiary;
		};
/* End PBXContainerItemProxy section */

/* Begin PBXFileReference section */
		67A9D0782BC960CF00631994 /* PlayerView.swift */ = {isa = PBXFileReference; lastKnownFileType = sourcecode.swift; path = PlayerView.swift; sourceTree = "<group>"; };
		67A9D07A2BCA5A0700631994 /* PlayerViewModel.swift */ = {isa = PBXFileReference; lastKnownFileType = sourcecode.swift; path = PlayerViewModel.swift; sourceTree = "<group>"; };
		67A9D07C2BCB697D00631994 /* Color.swift */ = {isa = PBXFileReference; lastKnownFileType = sourcecode.swift; path = Color.swift; sourceTree = "<group>"; };
		67A9D0802BCD14E700631994 /* MusicCalendarView.swift */ = {isa = PBXFileReference; lastKnownFileType = sourcecode.swift; path = MusicCalendarView.swift; sourceTree = "<group>"; };
		67E5A8EA2BCE17C8003521CF /* DiaryModel.swift */ = {isa = PBXFileReference; lastKnownFileType = sourcecode.swift; path = DiaryModel.swift; sourceTree = "<group>"; };
		67E5A8EC2BCE1822003521CF /* MusicModel.swift */ = {isa = PBXFileReference; lastKnownFileType = sourcecode.swift; path = MusicModel.swift; sourceTree = "<group>"; };
		67E5A8EE2BCE1868003521CF /* DiaryViewModel.swift */ = {isa = PBXFileReference; lastKnownFileType = sourcecode.swift; path = DiaryViewModel.swift; sourceTree = "<group>"; };
		67E5A8F22BCFB667003521CF /* 08 Snooze.m4p */ = {isa = PBXFileReference; lastKnownFileType = file; path = "08 Snooze.m4p"; sourceTree = "<group>"; };
		67FFFB892BC7CBD500F8562B /* Musiary.app */ = {isa = PBXFileReference; explicitFileType = wrapper.application; includeInIndex = 0; path = Musiary.app; sourceTree = BUILT_PRODUCTS_DIR; };
		67FFFB8C2BC7CBD500F8562B /* MusiaryApp.swift */ = {isa = PBXFileReference; lastKnownFileType = sourcecode.swift; path = MusiaryApp.swift; sourceTree = "<group>"; };
		67FFFB8E2BC7CBD500F8562B /* ContentView.swift */ = {isa = PBXFileReference; lastKnownFileType = sourcecode.swift; path = ContentView.swift; sourceTree = "<group>"; };
		67FFFB902BC7CBD700F8562B /* Assets.xcassets */ = {isa = PBXFileReference; lastKnownFileType = folder.assetcatalog; path = Assets.xcassets; sourceTree = "<group>"; };
		67FFFB932BC7CBD700F8562B /* Preview Assets.xcassets */ = {isa = PBXFileReference; lastKnownFileType = folder.assetcatalog; path = "Preview Assets.xcassets"; sourceTree = "<group>"; };
		67FFFB992BC7CBD700F8562B /* MusiaryTests.xctest */ = {isa = PBXFileReference; explicitFileType = wrapper.cfbundle; includeInIndex = 0; path = MusiaryTests.xctest; sourceTree = BUILT_PRODUCTS_DIR; };
		67FFFB9D2BC7CBD700F8562B /* MusiaryTests.swift */ = {isa = PBXFileReference; lastKnownFileType = sourcecode.swift; path = MusiaryTests.swift; sourceTree = "<group>"; };
		67FFFBA32BC7CBD700F8562B /* MusiaryUITests.xctest */ = {isa = PBXFileReference; explicitFileType = wrapper.cfbundle; includeInIndex = 0; path = MusiaryUITests.xctest; sourceTree = BUILT_PRODUCTS_DIR; };
		67FFFBA72BC7CBD700F8562B /* MusiaryUITests.swift */ = {isa = PBXFileReference; lastKnownFileType = sourcecode.swift; path = MusiaryUITests.swift; sourceTree = "<group>"; };
		67FFFBA92BC7CBD700F8562B /* MusiaryUITestsLaunchTests.swift */ = {isa = PBXFileReference; lastKnownFileType = sourcecode.swift; path = MusiaryUITestsLaunchTests.swift; sourceTree = "<group>"; };
		67FFFBB92BC7CEA300F8562B /* NavigationManager.swift */ = {isa = PBXFileReference; lastKnownFileType = sourcecode.swift; path = NavigationManager.swift; sourceTree = "<group>"; };
		67FFFBBB2BC7CF0B00F8562B /* HomeView.swift */ = {isa = PBXFileReference; lastKnownFileType = sourcecode.swift; path = HomeView.swift; sourceTree = "<group>"; };
		67FFFBBD2BC7CFD700F8562B /* DiaryView.swift */ = {isa = PBXFileReference; lastKnownFileType = sourcecode.swift; path = DiaryView.swift; sourceTree = "<group>"; };
		67FFFBBF2BC7D00000F8562B /* WriteDiaryView.swift */ = {isa = PBXFileReference; lastKnownFileType = sourcecode.swift; path = WriteDiaryView.swift; sourceTree = "<group>"; };
		67FFFBC22BC7F5F900F8562B /* Arrow.swift */ = {isa = PBXFileReference; lastKnownFileType = sourcecode.swift; path = Arrow.swift; sourceTree = "<group>"; };
		67FFFBC42BC8EB3300F8562B /* FloatingPlayerView.swift */ = {isa = PBXFileReference; lastKnownFileType = sourcecode.swift; path = FloatingPlayerView.swift; sourceTree = "<group>"; };
		67FFFBC62BC90D5B00F8562B /* DateManager.swift */ = {isa = PBXFileReference; lastKnownFileType = sourcecode.swift; path = DateManager.swift; sourceTree = "<group>"; };
		67FFFBC82BC9177700F8562B /* KeyboardListener.swift */ = {isa = PBXFileReference; lastKnownFileType = sourcecode.swift; path = KeyboardListener.swift; sourceTree = "<group>"; };
		67FFFBCA2BC920F800F8562B /* MusicSearchView.swift */ = {isa = PBXFileReference; lastKnownFileType = sourcecode.swift; path = MusicSearchView.swift; sourceTree = "<group>"; };
		67FFFBCC2BC942D400F8562B /* SearchMusicRow.swift */ = {isa = PBXFileReference; lastKnownFileType = sourcecode.swift; path = SearchMusicRow.swift; sourceTree = "<group>"; };
/* End PBXFileReference section */

/* Begin PBXFrameworksBuildPhase section */
		67FFFB862BC7CBD500F8562B /* Frameworks */ = {
			isa = PBXFrameworksBuildPhase;
			buildActionMask = 2147483647;
			files = (
			);
			runOnlyForDeploymentPostprocessing = 0;
		};
		67FFFB962BC7CBD700F8562B /* Frameworks */ = {
			isa = PBXFrameworksBuildPhase;
			buildActionMask = 2147483647;
			files = (
			);
			runOnlyForDeploymentPostprocessing = 0;
		};
		67FFFBA02BC7CBD700F8562B /* Frameworks */ = {
			isa = PBXFrameworksBuildPhase;
			buildActionMask = 2147483647;
			files = (
			);
			runOnlyForDeploymentPostprocessing = 0;
		};
/* End PBXFrameworksBuildPhase section */

/* Begin PBXGroup section */
		67E5A8E92BCE1129003521CF /* Model */ = {
			isa = PBXGroup;
			children = (
				67E5A8EA2BCE17C8003521CF /* DiaryModel.swift */,
				67E5A8EC2BCE1822003521CF /* MusicModel.swift */,
			);
			path = Model;
			sourceTree = "<group>";
		};
		67FFFB802BC7CBD500F8562B = {
			isa = PBXGroup;
			children = (
				67FFFB8B2BC7CBD500F8562B /* Musiary */,
				67FFFB9C2BC7CBD700F8562B /* MusiaryTests */,
				67FFFBA62BC7CBD700F8562B /* MusiaryUITests */,
				67FFFB8A2BC7CBD500F8562B /* Products */,
			);
			sourceTree = "<group>";
		};
		67FFFB8A2BC7CBD500F8562B /* Products */ = {
			isa = PBXGroup;
			children = (
				67FFFB892BC7CBD500F8562B /* Musiary.app */,
				67FFFB992BC7CBD700F8562B /* MusiaryTests.xctest */,
				67FFFBA32BC7CBD700F8562B /* MusiaryUITests.xctest */,
			);
			name = Products;
			sourceTree = "<group>";
		};
		67FFFB8B2BC7CBD500F8562B /* Musiary */ = {
			isa = PBXGroup;
			children = (
				67E5A8F22BCFB667003521CF /* 08 Snooze.m4p */,
				67E5A8E92BCE1129003521CF /* Model */,
				67FFFBC12BC7F5C400F8562B /* Helper */,
				67FFFBB82BC7CE9600F8562B /* Manager */,
				67FFFBB72BC7CE8F00F8562B /* ViewModel */,
				67FFFBB62BC7CE8B00F8562B /* View */,
				67FFFB8C2BC7CBD500F8562B /* MusiaryApp.swift */,
				67FFFB8E2BC7CBD500F8562B /* ContentView.swift */,
				67FFFB902BC7CBD700F8562B /* Assets.xcassets */,
				67FFFB922BC7CBD700F8562B /* Preview Content */,
			);
			path = Musiary;
			sourceTree = "<group>";
		};
		67FFFB922BC7CBD700F8562B /* Preview Content */ = {
			isa = PBXGroup;
			children = (
				67FFFB932BC7CBD700F8562B /* Preview Assets.xcassets */,
			);
			path = "Preview Content";
			sourceTree = "<group>";
		};
		67FFFB9C2BC7CBD700F8562B /* MusiaryTests */ = {
			isa = PBXGroup;
			children = (
				67FFFB9D2BC7CBD700F8562B /* MusiaryTests.swift */,
			);
			path = MusiaryTests;
			sourceTree = "<group>";
		};
		67FFFBA62BC7CBD700F8562B /* MusiaryUITests */ = {
			isa = PBXGroup;
			children = (
				67FFFBA72BC7CBD700F8562B /* MusiaryUITests.swift */,
				67FFFBA92BC7CBD700F8562B /* MusiaryUITestsLaunchTests.swift */,
			);
			path = MusiaryUITests;
			sourceTree = "<group>";
		};
		67FFFBB62BC7CE8B00F8562B /* View */ = {
			isa = PBXGroup;
			children = (
				67FFFBBB2BC7CF0B00F8562B /* HomeView.swift */,
				67FFFBBD2BC7CFD700F8562B /* DiaryView.swift */,
				67FFFBBF2BC7D00000F8562B /* WriteDiaryView.swift */,
				67FFFBC42BC8EB3300F8562B /* FloatingPlayerView.swift */,
				67FFFBCA2BC920F800F8562B /* MusicSearchView.swift */,
				67A9D0782BC960CF00631994 /* PlayerView.swift */,
			);
			path = View;
			sourceTree = "<group>";
		};
		67FFFBB72BC7CE8F00F8562B /* ViewModel */ = {
			isa = PBXGroup;
			children = (
				67A9D07A2BCA5A0700631994 /* PlayerViewModel.swift */,
				67E5A8EE2BCE1868003521CF /* DiaryViewModel.swift */,
			);
			path = ViewModel;
			sourceTree = "<group>";
		};
		67FFFBB82BC7CE9600F8562B /* Manager */ = {
			isa = PBXGroup;
			children = (
				67FFFBB92BC7CEA300F8562B /* NavigationManager.swift */,
				67FFFBC62BC90D5B00F8562B /* DateManager.swift */,
				67FFFBC82BC9177700F8562B /* KeyboardListener.swift */,
			);
			path = Manager;
			sourceTree = "<group>";
		};
		67FFFBC12BC7F5C400F8562B /* Helper */ = {
			isa = PBXGroup;
			children = (
				67FFFBC22BC7F5F900F8562B /* Arrow.swift */,
				67FFFBCC2BC942D400F8562B /* SearchMusicRow.swift */,
				67A9D07C2BCB697D00631994 /* Color.swift */,
				67A9D0802BCD14E700631994 /* MusicCalendarView.swift */,
			);
			path = Helper;
			sourceTree = "<group>";
		};
/* End PBXGroup section */

/* Begin PBXNativeTarget section */
		67FFFB882BC7CBD500F8562B /* Musiary */ = {
			isa = PBXNativeTarget;
			buildConfigurationList = 67FFFBAD2BC7CBD700F8562B /* Build configuration list for PBXNativeTarget "Musiary" */;
			buildPhases = (
				67FFFB852BC7CBD500F8562B /* Sources */,
				67FFFB862BC7CBD500F8562B /* Frameworks */,
				67FFFB872BC7CBD500F8562B /* Resources */,
			);
			buildRules = (
			);
			dependencies = (
			);
			name = Musiary;
			productName = Musiary;
			productReference = 67FFFB892BC7CBD500F8562B /* Musiary.app */;
			productType = "com.apple.product-type.application";
		};
		67FFFB982BC7CBD700F8562B /* MusiaryTests */ = {
			isa = PBXNativeTarget;
			buildConfigurationList = 67FFFBB02BC7CBD700F8562B /* Build configuration list for PBXNativeTarget "MusiaryTests" */;
			buildPhases = (
				67FFFB952BC7CBD700F8562B /* Sources */,
				67FFFB962BC7CBD700F8562B /* Frameworks */,
				67FFFB972BC7CBD700F8562B /* Resources */,
			);
			buildRules = (
			);
			dependencies = (
				67FFFB9B2BC7CBD700F8562B /* PBXTargetDependency */,
			);
			name = MusiaryTests;
			productName = MusiaryTests;
			productReference = 67FFFB992BC7CBD700F8562B /* MusiaryTests.xctest */;
			productType = "com.apple.product-type.bundle.unit-test";
		};
		67FFFBA22BC7CBD700F8562B /* MusiaryUITests */ = {
			isa = PBXNativeTarget;
			buildConfigurationList = 67FFFBB32BC7CBD700F8562B /* Build configuration list for PBXNativeTarget "MusiaryUITests" */;
			buildPhases = (
				67FFFB9F2BC7CBD700F8562B /* Sources */,
				67FFFBA02BC7CBD700F8562B /* Frameworks */,
				67FFFBA12BC7CBD700F8562B /* Resources */,
			);
			buildRules = (
			);
			dependencies = (
				67FFFBA52BC7CBD700F8562B /* PBXTargetDependency */,
			);
			name = MusiaryUITests;
			productName = MusiaryUITests;
			productReference = 67FFFBA32BC7CBD700F8562B /* MusiaryUITests.xctest */;
			productType = "com.apple.product-type.bundle.ui-testing";
		};
/* End PBXNativeTarget section */

/* Begin PBXProject section */
		67FFFB812BC7CBD500F8562B /* Project object */ = {
			isa = PBXProject;
			attributes = {
				BuildIndependentTargetsInParallel = 1;
				LastSwiftUpdateCheck = 1520;
				LastUpgradeCheck = 1520;
				TargetAttributes = {
					67FFFB882BC7CBD500F8562B = {
						CreatedOnToolsVersion = 15.2;
					};
					67FFFB982BC7CBD700F8562B = {
						CreatedOnToolsVersion = 15.2;
						TestTargetID = 67FFFB882BC7CBD500F8562B;
					};
					67FFFBA22BC7CBD700F8562B = {
						CreatedOnToolsVersion = 15.2;
						TestTargetID = 67FFFB882BC7CBD500F8562B;
					};
				};
			};
			buildConfigurationList = 67FFFB842BC7CBD500F8562B /* Build configuration list for PBXProject "Musiary" */;
			compatibilityVersion = "Xcode 14.0";
			developmentRegion = ko;
			hasScannedForEncodings = 0;
			knownRegions = (
				en,
				Base,
				ko,
			);
			mainGroup = 67FFFB802BC7CBD500F8562B;
			productRefGroup = 67FFFB8A2BC7CBD500F8562B /* Products */;
			projectDirPath = "";
			projectRoot = "";
			targets = (
				67FFFB882BC7CBD500F8562B /* Musiary */,
				67FFFB982BC7CBD700F8562B /* MusiaryTests */,
				67FFFBA22BC7CBD700F8562B /* MusiaryUITests */,
			);
		};
/* End PBXProject section */

/* Begin PBXResourcesBuildPhase section */
		67FFFB872BC7CBD500F8562B /* Resources */ = {
			isa = PBXResourcesBuildPhase;
			buildActionMask = 2147483647;
			files = (
				67FFFB942BC7CBD700F8562B /* Preview Assets.xcassets in Resources */,
				67FFFB912BC7CBD700F8562B /* Assets.xcassets in Resources */,
			);
			runOnlyForDeploymentPostprocessing = 0;
		};
		67FFFB972BC7CBD700F8562B /* Resources */ = {
			isa = PBXResourcesBuildPhase;
			buildActionMask = 2147483647;
			files = (
			);
			runOnlyForDeploymentPostprocessing = 0;
		};
		67FFFBA12BC7CBD700F8562B /* Resources */ = {
			isa = PBXResourcesBuildPhase;
			buildActionMask = 2147483647;
			files = (
			);
			runOnlyForDeploymentPostprocessing = 0;
		};
/* End PBXResourcesBuildPhase section */

/* Begin PBXSourcesBuildPhase section */
		67FFFB852BC7CBD500F8562B /* Sources */ = {
			isa = PBXSourcesBuildPhase;
			buildActionMask = 2147483647;
			files = (
				67FFFBBE2BC7CFD700F8562B /* DiaryView.swift in Sources */,
				67A9D0792BC960CF00631994 /* PlayerView.swift in Sources */,
				67FFFB8F2BC7CBD500F8562B /* ContentView.swift in Sources */,
				67E5A8EB2BCE17C8003521CF /* DiaryModel.swift in Sources */,
				67FFFBC92BC9177700F8562B /* KeyboardListener.swift in Sources */,
				67FFFBC02BC7D00000F8562B /* WriteDiaryView.swift in Sources */,
				67A9D07B2BCA5A0700631994 /* PlayerViewModel.swift in Sources */,
				67FFFBBC2BC7CF0B00F8562B /* HomeView.swift in Sources */,
				67A9D0812BCD14E700631994 /* MusicCalendarView.swift in Sources */,
				67FFFBC32BC7F5F900F8562B /* Arrow.swift in Sources */,
				67A9D07D2BCB697D00631994 /* Color.swift in Sources */,
				67E5A8EF2BCE1868003521CF /* DiaryViewModel.swift in Sources */,
				67E5A8ED2BCE1822003521CF /* MusicModel.swift in Sources */,
				67FFFBCB2BC920F800F8562B /* MusicSearchView.swift in Sources */,
				67FFFB8D2BC7CBD500F8562B /* MusiaryApp.swift in Sources */,
				67FFFBBA2BC7CEA300F8562B /* NavigationManager.swift in Sources */,
				67FFFBC72BC90D5B00F8562B /* DateManager.swift in Sources */,
				67FFFBCD2BC942D400F8562B /* SearchMusicRow.swift in Sources */,
				67FFFBC52BC8EB3300F8562B /* FloatingPlayerView.swift in Sources */,
			);
			runOnlyForDeploymentPostprocessing = 0;
		};
		67FFFB952BC7CBD700F8562B /* Sources */ = {
			isa = PBXSourcesBuildPhase;
			buildActionMask = 2147483647;
			files = (
				67FFFB9E2BC7CBD700F8562B /* MusiaryTests.swift in Sources */,
			);
			runOnlyForDeploymentPostprocessing = 0;
		};
		67FFFB9F2BC7CBD700F8562B /* Sources */ = {
			isa = PBXSourcesBuildPhase;
			buildActionMask = 2147483647;
			files = (
				67FFFBA82BC7CBD700F8562B /* MusiaryUITests.swift in Sources */,
				67FFFBAA2BC7CBD700F8562B /* MusiaryUITestsLaunchTests.swift in Sources */,
			);
			runOnlyForDeploymentPostprocessing = 0;
		};
/* End PBXSourcesBuildPhase section */

/* Begin PBXTargetDependency section */
		67FFFB9B2BC7CBD700F8562B /* PBXTargetDependency */ = {
			isa = PBXTargetDependency;
			target = 67FFFB882BC7CBD500F8562B /* Musiary */;
			targetProxy = 67FFFB9A2BC7CBD700F8562B /* PBXContainerItemProxy */;
		};
		67FFFBA52BC7CBD700F8562B /* PBXTargetDependency */ = {
			isa = PBXTargetDependency;
			target = 67FFFB882BC7CBD500F8562B /* Musiary */;
			targetProxy = 67FFFBA42BC7CBD700F8562B /* PBXContainerItemProxy */;
		};
/* End PBXTargetDependency section */

/* Begin XCBuildConfiguration section */
		67FFFBAB2BC7CBD700F8562B /* Debug */ = {
			isa = XCBuildConfiguration;
			buildSettings = {
				ALWAYS_SEARCH_USER_PATHS = NO;
				ASSETCATALOG_COMPILER_GENERATE_SWIFT_ASSET_SYMBOL_EXTENSIONS = YES;
				CLANG_ANALYZER_NONNULL = YES;
				CLANG_ANALYZER_NUMBER_OBJECT_CONVERSION = YES_AGGRESSIVE;
				CLANG_CXX_LANGUAGE_STANDARD = "gnu++20";
				CLANG_ENABLE_MODULES = YES;
				CLANG_ENABLE_OBJC_ARC = YES;
				CLANG_ENABLE_OBJC_WEAK = YES;
				CLANG_WARN_BLOCK_CAPTURE_AUTORELEASING = YES;
				CLANG_WARN_BOOL_CONVERSION = YES;
				CLANG_WARN_COMMA = YES;
				CLANG_WARN_CONSTANT_CONVERSION = YES;
				CLANG_WARN_DEPRECATED_OBJC_IMPLEMENTATIONS = YES;
				CLANG_WARN_DIRECT_OBJC_ISA_USAGE = YES_ERROR;
				CLANG_WARN_DOCUMENTATION_COMMENTS = YES;
				CLANG_WARN_EMPTY_BODY = YES;
				CLANG_WARN_ENUM_CONVERSION = YES;
				CLANG_WARN_INFINITE_RECURSION = YES;
				CLANG_WARN_INT_CONVERSION = YES;
				CLANG_WARN_NON_LITERAL_NULL_CONVERSION = YES;
				CLANG_WARN_OBJC_IMPLICIT_RETAIN_SELF = YES;
				CLANG_WARN_OBJC_LITERAL_CONVERSION = YES;
				CLANG_WARN_OBJC_ROOT_CLASS = YES_ERROR;
				CLANG_WARN_QUOTED_INCLUDE_IN_FRAMEWORK_HEADER = YES;
				CLANG_WARN_RANGE_LOOP_ANALYSIS = YES;
				CLANG_WARN_STRICT_PROTOTYPES = YES;
				CLANG_WARN_SUSPICIOUS_MOVE = YES;
				CLANG_WARN_UNGUARDED_AVAILABILITY = YES_AGGRESSIVE;
				CLANG_WARN_UNREACHABLE_CODE = YES;
				CLANG_WARN__DUPLICATE_METHOD_MATCH = YES;
				COPY_PHASE_STRIP = NO;
				DEBUG_INFORMATION_FORMAT = dwarf;
				ENABLE_STRICT_OBJC_MSGSEND = YES;
				ENABLE_TESTABILITY = YES;
				ENABLE_USER_SCRIPT_SANDBOXING = YES;
				GCC_C_LANGUAGE_STANDARD = gnu17;
				GCC_DYNAMIC_NO_PIC = NO;
				GCC_NO_COMMON_BLOCKS = YES;
				GCC_OPTIMIZATION_LEVEL = 0;
				GCC_PREPROCESSOR_DEFINITIONS = (
					"DEBUG=1",
					"$(inherited)",
				);
				GCC_WARN_64_TO_32_BIT_CONVERSION = YES;
				GCC_WARN_ABOUT_RETURN_TYPE = YES_ERROR;
				GCC_WARN_UNDECLARED_SELECTOR = YES;
				GCC_WARN_UNINITIALIZED_AUTOS = YES_AGGRESSIVE;
				GCC_WARN_UNUSED_FUNCTION = YES;
				GCC_WARN_UNUSED_VARIABLE = YES;
				IPHONEOS_DEPLOYMENT_TARGET = 17.2;
				LOCALIZATION_PREFERS_STRING_CATALOGS = YES;
				MTL_ENABLE_DEBUG_INFO = INCLUDE_SOURCE;
				MTL_FAST_MATH = YES;
				ONLY_ACTIVE_ARCH = YES;
				SDKROOT = iphoneos;
				SWIFT_ACTIVE_COMPILATION_CONDITIONS = "DEBUG $(inherited)";
				SWIFT_OPTIMIZATION_LEVEL = "-Onone";
			};
			name = Debug;
		};
		67FFFBAC2BC7CBD700F8562B /* Release */ = {
			isa = XCBuildConfiguration;
			buildSettings = {
				ALWAYS_SEARCH_USER_PATHS = NO;
				ASSETCATALOG_COMPILER_GENERATE_SWIFT_ASSET_SYMBOL_EXTENSIONS = YES;
				CLANG_ANALYZER_NONNULL = YES;
				CLANG_ANALYZER_NUMBER_OBJECT_CONVERSION = YES_AGGRESSIVE;
				CLANG_CXX_LANGUAGE_STANDARD = "gnu++20";
				CLANG_ENABLE_MODULES = YES;
				CLANG_ENABLE_OBJC_ARC = YES;
				CLANG_ENABLE_OBJC_WEAK = YES;
				CLANG_WARN_BLOCK_CAPTURE_AUTORELEASING = YES;
				CLANG_WARN_BOOL_CONVERSION = YES;
				CLANG_WARN_COMMA = YES;
				CLANG_WARN_CONSTANT_CONVERSION = YES;
				CLANG_WARN_DEPRECATED_OBJC_IMPLEMENTATIONS = YES;
				CLANG_WARN_DIRECT_OBJC_ISA_USAGE = YES_ERROR;
				CLANG_WARN_DOCUMENTATION_COMMENTS = YES;
				CLANG_WARN_EMPTY_BODY = YES;
				CLANG_WARN_ENUM_CONVERSION = YES;
				CLANG_WARN_INFINITE_RECURSION = YES;
				CLANG_WARN_INT_CONVERSION = YES;
				CLANG_WARN_NON_LITERAL_NULL_CONVERSION = YES;
				CLANG_WARN_OBJC_IMPLICIT_RETAIN_SELF = YES;
				CLANG_WARN_OBJC_LITERAL_CONVERSION = YES;
				CLANG_WARN_OBJC_ROOT_CLASS = YES_ERROR;
				CLANG_WARN_QUOTED_INCLUDE_IN_FRAMEWORK_HEADER = YES;
				CLANG_WARN_RANGE_LOOP_ANALYSIS = YES;
				CLANG_WARN_STRICT_PROTOTYPES = YES;
				CLANG_WARN_SUSPICIOUS_MOVE = YES;
				CLANG_WARN_UNGUARDED_AVAILABILITY = YES_AGGRESSIVE;
				CLANG_WARN_UNREACHABLE_CODE = YES;
				CLANG_WARN__DUPLICATE_METHOD_MATCH = YES;
				COPY_PHASE_STRIP = NO;
				DEBUG_INFORMATION_FORMAT = "dwarf-with-dsym";
				ENABLE_NS_ASSERTIONS = NO;
				ENABLE_STRICT_OBJC_MSGSEND = YES;
				ENABLE_USER_SCRIPT_SANDBOXING = YES;
				GCC_C_LANGUAGE_STANDARD = gnu17;
				GCC_NO_COMMON_BLOCKS = YES;
				GCC_WARN_64_TO_32_BIT_CONVERSION = YES;
				GCC_WARN_ABOUT_RETURN_TYPE = YES_ERROR;
				GCC_WARN_UNDECLARED_SELECTOR = YES;
				GCC_WARN_UNINITIALIZED_AUTOS = YES_AGGRESSIVE;
				GCC_WARN_UNUSED_FUNCTION = YES;
				GCC_WARN_UNUSED_VARIABLE = YES;
				IPHONEOS_DEPLOYMENT_TARGET = 17.2;
				LOCALIZATION_PREFERS_STRING_CATALOGS = YES;
				MTL_ENABLE_DEBUG_INFO = NO;
				MTL_FAST_MATH = YES;
				SDKROOT = iphoneos;
				SWIFT_COMPILATION_MODE = wholemodule;
				VALIDATE_PRODUCT = YES;
			};
			name = Release;
		};
		67FFFBAE2BC7CBD700F8562B /* Debug */ = {
			isa = XCBuildConfiguration;
			buildSettings = {
				ASSETCATALOG_COMPILER_APPICON_NAME = AppIcon;
				ASSETCATALOG_COMPILER_GLOBAL_ACCENT_COLOR_NAME = AccentColor;
				CODE_SIGN_STYLE = Automatic;
				CURRENT_PROJECT_VERSION = 1;
				DEVELOPMENT_ASSET_PATHS = "\"Musiary/Preview Content\"";
				DEVELOPMENT_TEAM = 56LCM2KZR8;
				ENABLE_PREVIEWS = YES;
				GENERATE_INFOPLIST_FILE = YES;
				INFOPLIST_KEY_UIApplicationSceneManifest_Generation = YES;
				INFOPLIST_KEY_UIApplicationSupportsIndirectInputEvents = YES;
				INFOPLIST_KEY_UILaunchScreen_Generation = YES;
				INFOPLIST_KEY_UISupportedInterfaceOrientations_iPad = "UIInterfaceOrientationPortrait UIInterfaceOrientationPortraitUpsideDown UIInterfaceOrientationLandscapeLeft UIInterfaceOrientationLandscapeRight";
				INFOPLIST_KEY_UISupportedInterfaceOrientations_iPhone = "UIInterfaceOrientationPortrait UIInterfaceOrientationLandscapeLeft UIInterfaceOrientationLandscapeRight";
				LD_RUNPATH_SEARCH_PATHS = (
					"$(inherited)",
					"@executable_path/Frameworks",
				);
				MARKETING_VERSION = 1.0;
				PRODUCT_BUNDLE_IDENTIFIER = chan.Musiary;
				PRODUCT_NAME = "$(TARGET_NAME)";
				SWIFT_EMIT_LOC_STRINGS = YES;
				SWIFT_VERSION = 5.0;
				TARGETED_DEVICE_FAMILY = "1,2";
			};
			name = Debug;
		};
		67FFFBAF2BC7CBD700F8562B /* Release */ = {
			isa = XCBuildConfiguration;
			buildSettings = {
				ASSETCATALOG_COMPILER_APPICON_NAME = AppIcon;
				ASSETCATALOG_COMPILER_GLOBAL_ACCENT_COLOR_NAME = AccentColor;
				CODE_SIGN_STYLE = Automatic;
				CURRENT_PROJECT_VERSION = 1;
				DEVELOPMENT_ASSET_PATHS = "\"Musiary/Preview Content\"";
				DEVELOPMENT_TEAM = 56LCM2KZR8;
				ENABLE_PREVIEWS = YES;
				GENERATE_INFOPLIST_FILE = YES;
				INFOPLIST_KEY_UIApplicationSceneManifest_Generation = YES;
				INFOPLIST_KEY_UIApplicationSupportsIndirectInputEvents = YES;
				INFOPLIST_KEY_UILaunchScreen_Generation = YES;
				INFOPLIST_KEY_UISupportedInterfaceOrientations_iPad = "UIInterfaceOrientationPortrait UIInterfaceOrientationPortraitUpsideDown UIInterfaceOrientationLandscapeLeft UIInterfaceOrientationLandscapeRight";
				INFOPLIST_KEY_UISupportedInterfaceOrientations_iPhone = "UIInterfaceOrientationPortrait UIInterfaceOrientationLandscapeLeft UIInterfaceOrientationLandscapeRight";
				LD_RUNPATH_SEARCH_PATHS = (
					"$(inherited)",
					"@executable_path/Frameworks",
				);
				MARKETING_VERSION = 1.0;
				PRODUCT_BUNDLE_IDENTIFIER = chan.Musiary;
				PRODUCT_NAME = "$(TARGET_NAME)";
				SWIFT_EMIT_LOC_STRINGS = YES;
				SWIFT_VERSION = 5.0;
				TARGETED_DEVICE_FAMILY = "1,2";
			};
			name = Release;
		};
		67FFFBB12BC7CBD700F8562B /* Debug */ = {
			isa = XCBuildConfiguration;
			buildSettings = {
				ALWAYS_EMBED_SWIFT_STANDARD_LIBRARIES = YES;
				BUNDLE_LOADER = "$(TEST_HOST)";
				CODE_SIGN_STYLE = Automatic;
				CURRENT_PROJECT_VERSION = 1;
				DEVELOPMENT_TEAM = 56LCM2KZR8;
				GENERATE_INFOPLIST_FILE = YES;
				IPHONEOS_DEPLOYMENT_TARGET = 17.2;
				MARKETING_VERSION = 1.0;
				PRODUCT_BUNDLE_IDENTIFIER = chan.MusiaryTests;
				PRODUCT_NAME = "$(TARGET_NAME)";
				SWIFT_EMIT_LOC_STRINGS = NO;
				SWIFT_VERSION = 5.0;
				TARGETED_DEVICE_FAMILY = "1,2";
				TEST_HOST = "$(BUILT_PRODUCTS_DIR)/Musiary.app/$(BUNDLE_EXECUTABLE_FOLDER_PATH)/Musiary";
			};
			name = Debug;
		};
		67FFFBB22BC7CBD700F8562B /* Release */ = {
			isa = XCBuildConfiguration;
			buildSettings = {
				ALWAYS_EMBED_SWIFT_STANDARD_LIBRARIES = YES;
				BUNDLE_LOADER = "$(TEST_HOST)";
				CODE_SIGN_STYLE = Automatic;
				CURRENT_PROJECT_VERSION = 1;
				DEVELOPMENT_TEAM = 56LCM2KZR8;
				GENERATE_INFOPLIST_FILE = YES;
				IPHONEOS_DEPLOYMENT_TARGET = 17.2;
				MARKETING_VERSION = 1.0;
				PRODUCT_BUNDLE_IDENTIFIER = chan.MusiaryTests;
				PRODUCT_NAME = "$(TARGET_NAME)";
				SWIFT_EMIT_LOC_STRINGS = NO;
				SWIFT_VERSION = 5.0;
				TARGETED_DEVICE_FAMILY = "1,2";
				TEST_HOST = "$(BUILT_PRODUCTS_DIR)/Musiary.app/$(BUNDLE_EXECUTABLE_FOLDER_PATH)/Musiary";
			};
			name = Release;
		};
		67FFFBB42BC7CBD700F8562B /* Debug */ = {
			isa = XCBuildConfiguration;
			buildSettings = {
				ALWAYS_EMBED_SWIFT_STANDARD_LIBRARIES = YES;
				CODE_SIGN_STYLE = Automatic;
				CURRENT_PROJECT_VERSION = 1;
				DEVELOPMENT_TEAM = 56LCM2KZR8;
				GENERATE_INFOPLIST_FILE = YES;
				MARKETING_VERSION = 1.0;
				PRODUCT_BUNDLE_IDENTIFIER = chan.MusiaryUITests;
				PRODUCT_NAME = "$(TARGET_NAME)";
				SWIFT_EMIT_LOC_STRINGS = NO;
				SWIFT_VERSION = 5.0;
				TARGETED_DEVICE_FAMILY = "1,2";
				TEST_TARGET_NAME = Musiary;
			};
			name = Debug;
		};
		67FFFBB52BC7CBD700F8562B /* Release */ = {
			isa = XCBuildConfiguration;
			buildSettings = {
				ALWAYS_EMBED_SWIFT_STANDARD_LIBRARIES = YES;
				CODE_SIGN_STYLE = Automatic;
				CURRENT_PROJECT_VERSION = 1;
				DEVELOPMENT_TEAM = 56LCM2KZR8;
				GENERATE_INFOPLIST_FILE = YES;
				MARKETING_VERSION = 1.0;
				PRODUCT_BUNDLE_IDENTIFIER = chan.MusiaryUITests;
				PRODUCT_NAME = "$(TARGET_NAME)";
				SWIFT_EMIT_LOC_STRINGS = NO;
				SWIFT_VERSION = 5.0;
				TARGETED_DEVICE_FAMILY = "1,2";
				TEST_TARGET_NAME = Musiary;
			};
			name = Release;
		};
/* End XCBuildConfiguration section */

/* Begin XCConfigurationList section */
		67FFFB842BC7CBD500F8562B /* Build configuration list for PBXProject "Musiary" */ = {
			isa = XCConfigurationList;
			buildConfigurations = (
				67FFFBAB2BC7CBD700F8562B /* Debug */,
				67FFFBAC2BC7CBD700F8562B /* Release */,
			);
			defaultConfigurationIsVisible = 0;
			defaultConfigurationName = Release;
		};
		67FFFBAD2BC7CBD700F8562B /* Build configuration list for PBXNativeTarget "Musiary" */ = {
			isa = XCConfigurationList;
			buildConfigurations = (
				67FFFBAE2BC7CBD700F8562B /* Debug */,
				67FFFBAF2BC7CBD700F8562B /* Release */,
			);
			defaultConfigurationIsVisible = 0;
			defaultConfigurationName = Release;
		};
		67FFFBB02BC7CBD700F8562B /* Build configuration list for PBXNativeTarget "MusiaryTests" */ = {
			isa = XCConfigurationList;
			buildConfigurations = (
				67FFFBB12BC7CBD700F8562B /* Debug */,
				67FFFBB22BC7CBD700F8562B /* Release */,
			);
			defaultConfigurationIsVisible = 0;
			defaultConfigurationName = Release;
		};
		67FFFBB32BC7CBD700F8562B /* Build configuration list for PBXNativeTarget "MusiaryUITests" */ = {
			isa = XCConfigurationList;
			buildConfigurations = (
				67FFFBB42BC7CBD700F8562B /* Debug */,
				67FFFBB52BC7CBD700F8562B /* Release */,
			);
			defaultConfigurationIsVisible = 0;
			defaultConfigurationName = Release;
		};
/* End XCConfigurationList section */
	};
	rootObject = 67FFFB812BC7CBD500F8562B /* Project object */;
}
